
Microsoft Visual Studio Solution File, Format Version 12.00
# Visual Studio 15
VisualStudioVersion = 15.0.28010.2050
MinimumVisualStudioVersion = 10.0.40219.1
Project("{FAE04EC0-301F-11D3-BF4B-00C04F79EFBC}") = "WebApplication3", "WebApplication3\WebApplication3.csproj", "{3D707059-FA5F-4A05-87D3-02B33F2C6EFF}"
EndProject
Global
	GlobalSection(SolutionConfigurationPlatforms) = preSolution
		Debug|Any CPU = Debug|Any CPU
		Release|Any CPU = Release|Any CPU
	EndGlobalSection
	GlobalSection(ProjectConfigurationPlatforms) = postSolution
		{3D707059-FA5F-4A05-87D3-02B33F2C6EFF}.Debug|Any CPU.ActiveCfg = Debug|Any CPU
		{3D707059-FA5F-4A05-87D3-02B33F2C6EFF}.Debug|Any CPU.Build.0 = Debug|Any CPU
		{3D707059-FA5F-4A05-87D3-02B33F2C6EFF}.Release|Any CPU.ActiveCfg = Release|Any CPU
		{3D707059-FA5F-4A05-87D3-02B33F2C6EFF}.Release|Any CPU.Build.0 = Release|Any CPU
	EndGlobalSection
	GlobalSection(SolutionProperties) = preSolution
		HideSolutionNode = FALSE
	EndGlobalSection
	GlobalSection(ExtensibilityGlobals) = postSolution
		SolutionGuid = {76EC4BFF-E0CE-42F0-BABD-D0AA18B85B54}
	EndGlobalSection
EndGlobal
